
Microsoft Visual Studio Solution File, Format Version 12.00
# Visual Studio Version 17
VisualStudioVersion = 17.4.33205.214
MinimumVisualStudioVersion = 10.0.40219.1
Project("{9A19103F-16F7-4668-BE54-9A1E7A4F7556}") = "OdnoglazyZmey", "OdnoglazyZmey\OdnoglazyZmey.csproj", "{57CD0159-EB51-4005-BD61-6C94CE65A830}"
EndProject
Project("{FAE04EC0-301F-11D3-BF4B-00C04F79EFBC}") = "Biblioteka", "Biblioteka\Biblioteka.csproj", "{01322B2D-94AF-4CE7-B60F-71F35D40CEB7}"
EndProject
Global
	GlobalSection(SolutionConfigurationPlatforms) = preSolution
		Debug|Any CPU = Debug|Any CPU
		Release|Any CPU = Release|Any CPU
	EndGlobalSection
	GlobalSection(ProjectConfigurationPlatforms) = postSolution
		{57CD0159-EB51-4005-BD61-6C94CE65A830}.Debug|Any CPU.ActiveCfg = Debug|Any CPU
		{57CD0159-EB51-4005-BD61-6C94CE65A830}.Debug|Any CPU.Build.0 = Debug|Any CPU
		{57CD0159-EB51-4005-BD61-6C94CE65A830}.Release|Any CPU.ActiveCfg = Release|Any CPU
		{57CD0159-EB51-4005-BD61-6C94CE65A830}.Release|Any CPU.Build.0 = Release|Any CPU
		{01322B2D-94AF-4CE7-B60F-71F35D40CEB7}.Debug|Any CPU.ActiveCfg = Debug|Any CPU
		{01322B2D-94AF-4CE7-B60F-71F35D40CEB7}.Debug|Any CPU.Build.0 = Debug|Any CPU
		{01322B2D-94AF-4CE7-B60F-71F35D40CEB7}.Release|Any CPU.ActiveCfg = Release|Any CPU
		{01322B2D-94AF-4CE7-B60F-71F35D40CEB7}.Release|Any CPU.Build.0 = Release|Any CPU
	EndGlobalSection
	GlobalSection(SolutionProperties) = preSolution
		HideSolutionNode = FALSE
	EndGlobalSection
	GlobalSection(ExtensibilityGlobals) = postSolution
		SolutionGuid = {52C8DBC8-82C4-4819-B79A-D96523A2629C}
	EndGlobalSection
EndGlobal
